
Microsoft Visual Studio Solution File, Format Version 12.00
# Visual Studio Version 16
VisualStudioVersion = 16.0.32002.261
MinimumVisualStudioVersion = 10.0.40219.1
Project("{8BC9CEB8-8B4A-11D0-8D11-00A0C91BC942}") = "Test_WbSocket", "Test_WbSocket\Test_WbSocket.vcxproj", "{9012C1EE-F793-408C-A0CA-70773A6A46DC}"
EndProject
Project("{8BC9CEB8-8B4A-11D0-8D11-00A0C91BC942}") = "Test_Log", "Test_Log\Test_Log.vcxproj", "{91F74A2E-42D5-45DB-B4BC-9867C382BBE4}"
EndProject
Project("{8BC9CEB8-8B4A-11D0-8D11-00A0C91BC942}") = "Test_Base64", "Test_Base64\Test_Base64.vcxproj", "{EC2099B7-AA5D-4D19-A9E4-5EDEB94A18C0}"
EndProject
Project("{8BC9CEB8-8B4A-11D0-8D11-00A0C91BC942}") = "Test_MulPool", "Test_MulPool\Test_MulPool.vcxproj", "{1B340FA6-5B08-46FD-B274-883CEB4241D9}"
EndProject
Project("{8BC9CEB8-8B4A-11D0-8D11-00A0C91BC942}") = "Test_DynImport", "Test_DynImport\Test_DynImport.vcxproj", "{F351165C-C9B2-4E8D-A6CD-507EAE20C9A5}"
	ProjectSection(ProjectDependencies) = postProject
		{F90DA713-AA58-420B-BCC0-FF3E2EFF9799} = {F90DA713-AA58-420B-BCC0-FF3E2EFF9799}
	EndProjectSection
EndProject
Project("{2150E333-8FDC-42A3-9474-1A3956D46DE8}") = "DynImport", "DynImport", "{B43BDB87-C71A-4954-BD67-4F8D46C6886F}"
EndProject
Project("{8BC9CEB8-8B4A-11D0-8D11-00A0C91BC942}") = "Test_DLLA", "Test_DynImport\Test_DLLA\Test_DLLA.vcxproj", "{8BB17B7A-FB94-4881-BA54-8B6AF22BBCF1}"
EndProject
Project("{8BC9CEB8-8B4A-11D0-8D11-00A0C91BC942}") = "Test_DLLB", "Test_DynImport\Test_DLLB\Test_DLLB.vcxproj", "{19A20CA2-DF7D-47BE-8444-BED6FF644D6C}"
EndProject
Project("{8BC9CEB8-8B4A-11D0-8D11-00A0C91BC942}") = "Test_Interface", "Test_DynImport\Test_Interface\Test_Interface.vcxproj", "{F90DA713-AA58-420B-BCC0-FF3E2EFF9799}"
EndProject
Project("{8BC9CEB8-8B4A-11D0-8D11-00A0C91BC942}") = "Test_Json", "Test_Json\Test_Json.vcxproj", "{CAE1B494-E76C-4B98-BB43-7B26FCAFB7F6}"
EndProject
Project("{8BC9CEB8-8B4A-11D0-8D11-00A0C91BC942}") = "CommUtils", "CommUtils\CommUtils.vcxproj", "{E95314C5-693A-4EAC-9CD2-17DB9653D53C}"
EndProject
Project("{8BC9CEB8-8B4A-11D0-8D11-00A0C91BC942}") = "Test_Mimalloc", "Test_Mimalloc\Test_Mimalloc.vcxproj", "{19FA8A08-45A9-487B-A1A0-954F4676C558}"
EndProject
Project("{2150E333-8FDC-42A3-9474-1A3956D46DE8}") = "Plugins", "Plugins", "{3564FF21-2A01-472F-9126-CD9B154CE97D}"
EndProject
Project("{8BC9CEB8-8B4A-11D0-8D11-00A0C91BC942}") = "Plugin_Yyjson", "Plugins\Plugin_Yyjson\Plugin_Yyjson.vcxproj", "{2B8E4088-AFAA-4A28-92E0-3FED0543356A}"
EndProject
Global
	GlobalSection(SolutionConfigurationPlatforms) = preSolution
		Debug|x64 = Debug|x64
		Debug|x86 = Debug|x86
		Release|x64 = Release|x64
		Release|x86 = Release|x86
	EndGlobalSection
	GlobalSection(ProjectConfigurationPlatforms) = postSolution
		{9012C1EE-F793-408C-A0CA-70773A6A46DC}.Debug|x64.ActiveCfg = Debug|x64
		{9012C1EE-F793-408C-A0CA-70773A6A46DC}.Debug|x64.Build.0 = Debug|x64
		{9012C1EE-F793-408C-A0CA-70773A6A46DC}.Debug|x86.ActiveCfg = Debug|Win32
		{9012C1EE-F793-408C-A0CA-70773A6A46DC}.Debug|x86.Build.0 = Debug|Win32
		{9012C1EE-F793-408C-A0CA-70773A6A46DC}.Release|x64.ActiveCfg = Release|x64
		{9012C1EE-F793-408C-A0CA-70773A6A46DC}.Release|x64.Build.0 = Release|x64
		{9012C1EE-F793-408C-A0CA-70773A6A46DC}.Release|x86.ActiveCfg = Release|Win32
		{9012C1EE-F793-408C-A0CA-70773A6A46DC}.Release|x86.Build.0 = Release|Win32
		{91F74A2E-42D5-45DB-B4BC-9867C382BBE4}.Debug|x64.ActiveCfg = Debug|x64
		{91F74A2E-42D5-45DB-B4BC-9867C382BBE4}.Debug|x64.Build.0 = Debug|x64
		{91F74A2E-42D5-45DB-B4BC-9867C382BBE4}.Debug|x86.ActiveCfg = Debug|Win32
		{91F74A2E-42D5-45DB-B4BC-9867C382BBE4}.Debug|x86.Build.0 = Debug|Win32
		{91F74A2E-42D5-45DB-B4BC-9867C382BBE4}.Release|x64.ActiveCfg = Release|x64
		{91F74A2E-42D5-45DB-B4BC-9867C382BBE4}.Release|x64.Build.0 = Release|x64
		{91F74A2E-42D5-45DB-B4BC-9867C382BBE4}.Release|x86.ActiveCfg = Release|Win32
		{91F74A2E-42D5-45DB-B4BC-9867C382BBE4}.Release|x86.Build.0 = Release|Win32
		{EC2099B7-AA5D-4D19-A9E4-5EDEB94A18C0}.Debug|x64.ActiveCfg = Debug|x64
		{EC2099B7-AA5D-4D19-A9E4-5EDEB94A18C0}.Debug|x64.Build.0 = Debug|x64
		{EC2099B7-AA5D-4D19-A9E4-5EDEB94A18C0}.Debug|x86.ActiveCfg = Debug|Win32
		{EC2099B7-AA5D-4D19-A9E4-5EDEB94A18C0}.Debug|x86.Build.0 = Debug|Win32
		{EC2099B7-AA5D-4D19-A9E4-5EDEB94A18C0}.Release|x64.ActiveCfg = Release|x64
		{EC2099B7-AA5D-4D19-A9E4-5EDEB94A18C0}.Release|x64.Build.0 = Release|x64
		{EC2099B7-AA5D-4D19-A9E4-5EDEB94A18C0}.Release|x86.ActiveCfg = Release|Win32
		{EC2099B7-AA5D-4D19-A9E4-5EDEB94A18C0}.Release|x86.Build.0 = Release|Win32
		{1B340FA6-5B08-46FD-B274-883CEB4241D9}.Debug|x64.ActiveCfg = Debug|x64
		{1B340FA6-5B08-46FD-B274-883CEB4241D9}.Debug|x64.Build.0 = Debug|x64
		{1B340FA6-5B08-46FD-B274-883CEB4241D9}.Debug|x86.ActiveCfg = Debug|Win32
		{1B340FA6-5B08-46FD-B274-883CEB4241D9}.Debug|x86.Build.0 = Debug|Win32
		{1B340FA6-5B08-46FD-B274-883CEB4241D9}.Release|x64.ActiveCfg = Release|x64
		{1B340FA6-5B08-46FD-B274-883CEB4241D9}.Release|x64.Build.0 = Release|x64
		{1B340FA6-5B08-46FD-B274-883CEB4241D9}.Release|x86.ActiveCfg = Release|Win32
		{1B340FA6-5B08-46FD-B274-883CEB4241D9}.Release|x86.Build.0 = Release|Win32
		{F351165C-C9B2-4E8D-A6CD-507EAE20C9A5}.Debug|x64.ActiveCfg = Debug|x64
		{F351165C-C9B2-4E8D-A6CD-507EAE20C9A5}.Debug|x64.Build.0 = Debug|x64
		{F351165C-C9B2-4E8D-A6CD-507EAE20C9A5}.Debug|x86.ActiveCfg = Debug|Win32
		{F351165C-C9B2-4E8D-A6CD-507EAE20C9A5}.Debug|x86.Build.0 = Debug|Win32
		{F351165C-C9B2-4E8D-A6CD-507EAE20C9A5}.Release|x64.ActiveCfg = Release|x64
		{F351165C-C9B2-4E8D-A6CD-507EAE20C9A5}.Release|x64.Build.0 = Release|x64
		{F351165C-C9B2-4E8D-A6CD-507EAE20C9A5}.Release|x86.ActiveCfg = Release|Win32
		{F351165C-C9B2-4E8D-A6CD-507EAE20C9A5}.Release|x86.Build.0 = Release|Win32
		{8BB17B7A-FB94-4881-BA54-8B6AF22BBCF1}.Debug|x64.ActiveCfg = Debug|x64
		{8BB17B7A-FB94-4881-BA54-8B6AF22BBCF1}.Debug|x64.Build.0 = Debug|x64
		{8BB17B7A-FB94-4881-BA54-8B6AF22BBCF1}.Debug|x86.ActiveCfg = Debug|Win32
		{8BB17B7A-FB94-4881-BA54-8B6AF22BBCF1}.Debug|x86.Build.0 = Debug|Win32
		{8BB17B7A-FB94-4881-BA54-8B6AF22BBCF1}.Release|x64.ActiveCfg = Release|x64
		{8BB17B7A-FB94-4881-BA54-8B6AF22BBCF1}.Release|x64.Build.0 = Release|x64
		{8BB17B7A-FB94-4881-BA54-8B6AF22BBCF1}.Release|x86.ActiveCfg = Release|Win32
		{8BB17B7A-FB94-4881-BA54-8B6AF22BBCF1}.Release|x86.Build.0 = Release|Win32
		{19A20CA2-DF7D-47BE-8444-BED6FF644D6C}.Debug|x64.ActiveCfg = Debug|x64
		{19A20CA2-DF7D-47BE-8444-BED6FF644D6C}.Debug|x64.Build.0 = Debug|x64
		{19A20CA2-DF7D-47BE-8444-BED6FF644D6C}.Debug|x86.ActiveCfg = Debug|Win32
		{19A20CA2-DF7D-47BE-8444-BED6FF644D6C}.Debug|x86.Build.0 = Debug|Win32
		{19A20CA2-DF7D-47BE-8444-BED6FF644D6C}.Release|x64.ActiveCfg = Release|x64
		{19A20CA2-DF7D-47BE-8444-BED6FF644D6C}.Release|x64.Build.0 = Release|x64
		{19A20CA2-DF7D-47BE-8444-BED6FF644D6C}.Release|x86.ActiveCfg = Release|Win32
		{19A20CA2-DF7D-47BE-8444-BED6FF644D6C}.Release|x86.Build.0 = Release|Win32
		{F90DA713-AA58-420B-BCC0-FF3E2EFF9799}.Debug|x64.ActiveCfg = Debug|x64
		{F90DA713-AA58-420B-BCC0-FF3E2EFF9799}.Debug|x64.Build.0 = Debug|x64
		{F90DA713-AA58-420B-BCC0-FF3E2EFF9799}.Debug|x86.ActiveCfg = Debug|Win32
		{F90DA713-AA58-420B-BCC0-FF3E2EFF9799}.Debug|x86.Build.0 = Debug|Win32
		{F90DA713-AA58-420B-BCC0-FF3E2EFF9799}.Release|x64.ActiveCfg = Release|x64
		{F90DA713-AA58-420B-BCC0-FF3E2EFF9799}.Release|x64.Build.0 = Release|x64
		{F90DA713-AA58-420B-BCC0-FF3E2EFF9799}.Release|x86.ActiveCfg = Release|Win32
		{F90DA713-AA58-420B-BCC0-FF3E2EFF9799}.Release|x86.Build.0 = Release|Win32
		{CAE1B494-E76C-4B98-BB43-7B26FCAFB7F6}.Debug|x64.ActiveCfg = Debug|x64
		{CAE1B494-E76C-4B98-BB43-7B26FCAFB7F6}.Debug|x64.Build.0 = Debug|x64
		{CAE1B494-E76C-4B98-BB43-7B26FCAFB7F6}.Debug|x86.ActiveCfg = Debug|Win32
		{CAE1B494-E76C-4B98-BB43-7B26FCAFB7F6}.Debug|x86.Build.0 = Debug|Win32
		{CAE1B494-E76C-4B98-BB43-7B26FCAFB7F6}.Release|x64.ActiveCfg = Release|x64
		{CAE1B494-E76C-4B98-BB43-7B26FCAFB7F6}.Release|x64.Build.0 = Release|x64
		{CAE1B494-E76C-4B98-BB43-7B26FCAFB7F6}.Release|x86.ActiveCfg = Release|Win32
		{CAE1B494-E76C-4B98-BB43-7B26FCAFB7F6}.Release|x86.Build.0 = Release|Win32
		{E95314C5-693A-4EAC-9CD2-17DB9653D53C}.Debug|x64.ActiveCfg = Debug|x64
		{E95314C5-693A-4EAC-9CD2-17DB9653D53C}.Debug|x64.Build.0 = Debug|x64
		{E95314C5-693A-4EAC-9CD2-17DB9653D53C}.Debug|x86.ActiveCfg = Debug|Win32
		{E95314C5-693A-4EAC-9CD2-17DB9653D53C}.Debug|x86.Build.0 = Debug|Win32
		{E95314C5-693A-4EAC-9CD2-17DB9653D53C}.Release|x64.ActiveCfg = Release|x64
		{E95314C5-693A-4EAC-9CD2-17DB9653D53C}.Release|x64.Build.0 = Release|x64
		{E95314C5-693A-4EAC-9CD2-17DB9653D53C}.Release|x86.ActiveCfg = Release|Win32
		{E95314C5-693A-4EAC-9CD2-17DB9653D53C}.Release|x86.Build.0 = Release|Win32
		{19FA8A08-45A9-487B-A1A0-954F4676C558}.Debug|x64.ActiveCfg = Debug|x64
		{19FA8A08-45A9-487B-A1A0-954F4676C558}.Debug|x64.Build.0 = Debug|x64
		{19FA8A08-45A9-487B-A1A0-954F4676C558}.Debug|x86.ActiveCfg = Debug|Win32
		{19FA8A08-45A9-487B-A1A0-954F4676C558}.Debug|x86.Build.0 = Debug|Win32
		{19FA8A08-45A9-487B-A1A0-954F4676C558}.Release|x64.ActiveCfg = Release|x64
		{19FA8A08-45A9-487B-A1A0-954F4676C558}.Release|x64.Build.0 = Release|x64
		{19FA8A08-45A9-487B-A1A0-954F4676C558}.Release|x86.ActiveCfg = Release|Win32
		{19FA8A08-45A9-487B-A1A0-954F4676C558}.Release|x86.Build.0 = Release|Win32
		{2B8E4088-AFAA-4A28-92E0-3FED0543356A}.Debug|x64.ActiveCfg = Debug|x64
		{2B8E4088-AFAA-4A28-92E0-3FED0543356A}.Debug|x64.Build.0 = Debug|x64
		{2B8E4088-AFAA-4A28-92E0-3FED0543356A}.Debug|x86.ActiveCfg = Debug|Win32
		{2B8E4088-AFAA-4A28-92E0-3FED0543356A}.Debug|x86.Build.0 = Debug|Win32
		{2B8E4088-AFAA-4A28-92E0-3FED0543356A}.Release|x64.ActiveCfg = Release|x64
		{2B8E4088-AFAA-4A28-92E0-3FED0543356A}.Release|x64.Build.0 = Release|x64
		{2B8E4088-AFAA-4A28-92E0-3FED0543356A}.Release|x86.ActiveCfg = Release|Win32
		{2B8E4088-AFAA-4A28-92E0-3FED0543356A}.Release|x86.Build.0 = Release|Win32
	EndGlobalSection
	GlobalSection(SolutionProperties) = preSolution
		HideSolutionNode = FALSE
	EndGlobalSection
	GlobalSection(NestedProjects) = preSolution
		{F351165C-C9B2-4E8D-A6CD-507EAE20C9A5} = {B43BDB87-C71A-4954-BD67-4F8D46C6886F}
		{8BB17B7A-FB94-4881-BA54-8B6AF22BBCF1} = {B43BDB87-C71A-4954-BD67-4F8D46C6886F}
		{19A20CA2-DF7D-47BE-8444-BED6FF644D6C} = {B43BDB87-C71A-4954-BD67-4F8D46C6886F}
		{F90DA713-AA58-420B-BCC0-FF3E2EFF9799} = {B43BDB87-C71A-4954-BD67-4F8D46C6886F}
		{2B8E4088-AFAA-4A28-92E0-3FED0543356A} = {3564FF21-2A01-472F-9126-CD9B154CE97D}
	EndGlobalSection
	GlobalSection(ExtensibilityGlobals) = postSolution
		SolutionGuid = {72C35D38-A460-4F38-889B-0652DFA0B0C7}
	EndGlobalSection
EndGlobal
